// !$*UTF8*$!
{
	archiveVersion = 1;
	classes = {
	};
	objectVersion = 46;
	objects = {

/* Begin PBXBuildFile section */
		A52DBEB71D634AF100E4D13A /* AppDelegate.swift in Sources */ = {isa = PBXBuildFile; fileRef = A52DBEB61D634AF100E4D13A /* AppDelegate.swift */; };
		A52DBEB91D634AF100E4D13A /* ViewController.swift in Sources */ = {isa = PBXBuildFile; fileRef = A52DBEB81D634AF100E4D13A /* ViewController.swift */; };
		A52DBEBC1D634AF100E4D13A /* Main.storyboard in Resources */ = {isa = PBXBuildFile; fileRef = A52DBEBA1D634AF100E4D13A /* Main.storyboard */; };
		A52DBEBE1D634AF100E4D13A /* Images.xcassets in Resources */ = {isa = PBXBuildFile; fileRef = A52DBEBD1D634AF100E4D13A /* Images.xcassets */; };
		A52DBECD1D634AF100E4D13A /* BullsEyeTests.swift in Sources */ = {isa = PBXBuildFile; fileRef = A52DBECC1D634AF100E4D13A /* BullsEyeTests.swift */; };
		A5FC57E71D65959200C1ACAD /* AboutViewController.swift in Sources */ = {isa = PBXBuildFile; fileRef = A5FC57E61D65959200C1ACAD /* AboutViewController.swift */; };
		A5FC57E91D65B46F00C1ACAD /* BullsEye.html in Resources */ = {isa = PBXBuildFile; fileRef = A5FC57E81D65B46F00C1ACAD /* BullsEye.html */; };
		A5FC57EC1D66341300C1ACAD /* Default-568h@2x.png in Resources */ = {isa = PBXBuildFile; fileRef = A5FC57EA1D66341300C1ACAD /* Default-568h@2x.png */; };
		A5FC57ED1D66341300C1ACAD /* Default@2x.png in Resources */ = {isa = PBXBuildFile; fileRef = A5FC57EB1D66341300C1ACAD /* Default@2x.png */; };
/* End PBXBuildFile section */

/* Begin PBXContainerItemProxy section */
		A52DBEC71D634AF100E4D13A /* PBXContainerItemProxy */ = {
			isa = PBXContainerItemProxy;
			containerPortal = A52DBEA91D634AF100E4D13A /* Project object */;
			proxyType = 1;
			remoteGlobalIDString = A52DBEB01D634AF100E4D13A;
			remoteInfo = BullsEye;
		};
/* End PBXContainerItemProxy section */

/* Begin PBXFileReference section */
		A52DBEB11D634AF100E4D13A /* BullsEye.app */ = {isa = PBXFileReference; explicitFileType = wrapper.application; includeInIndex = 0; path = BullsEye.app; sourceTree = BUILT_PRODUCTS_DIR; };
		A52DBEB51D634AF100E4D13A /* Info.plist */ = {isa = PBXFileReference; lastKnownFileType = text.plist.xml; path = Info.plist; sourceTree = "<group>"; };
		A52DBEB61D634AF100E4D13A /* AppDelegate.swift */ = {isa = PBXFileReference; lastKnownFileType = sourcecode.swift; path = AppDelegate.swift; sourceTree = "<group>"; };
		A52DBEB81D634AF100E4D13A /* ViewController.swift */ = {isa = PBXFileReference; lastKnownFileType = sourcecode.swift; path = ViewController.swift; sourceTree = "<group>"; };
		A52DBEBB1D634AF100E4D13A /* Base */ = {isa = PBXFileReference; lastKnownFileType = file.storyboard; name = Base; path = Base.lproj/Main.storyboard; sourceTree = "<group>"; };
		A52DBEBD1D634AF100E4D13A /* Images.xcassets */ = {isa = PBXFileReference; lastKnownFileType = folder.assetcatalog; path = Images.xcassets; sourceTree = "<group>"; };
		A52DBEC61D634AF100E4D13A /* BullsEyeTests.xctest */ = {isa = PBXFileReference; explicitFileType = wrapper.cfbundle; includeInIndex = 0; path = BullsEyeTests.xctest; sourceTree = BUILT_PRODUCTS_DIR; };
		A52DBECB1D634AF100E4D13A /* Info.plist */ = {isa = PBXFileReference; lastKnownFileType = text.plist.xml; path = Info.plist; sourceTree = "<group>"; };
		A52DBECC1D634AF100E4D13A /* BullsEyeTests.swift */ = {isa = PBXFileReference; lastKnownFileType = sourcecode.swift; path = BullsEyeTests.swift; sourceTree = "<group>"; };
		A5FC57E61D65959200C1ACAD /* AboutViewController.swift */ = {isa = PBXFileReference; fileEncoding = 4; lastKnownFileType = sourcecode.swift; path = AboutViewController.swift; sourceTree = "<group>"; };
		A5FC57E81D65B46F00C1ACAD /* BullsEye.html */ = {isa = PBXFileReference; fileEncoding = 4; lastKnownFileType = text.html; path = BullsEye.html; sourceTree = "<group>"; };
		A5FC57EA1D66341300C1ACAD /* Default-568h@2x.png */ = {isa = PBXFileReference; lastKnownFileType = image.png; path = "Default-568h@2x.png"; sourceTree = "<group>"; };
		A5FC57EB1D66341300C1ACAD /* Default@2x.png */ = {isa = PBXFileReference; lastKnownFileType = image.png; path = "Default@2x.png"; sourceTree = "<group>"; };
/* End PBXFileReference section */

/* Begin PBXFrameworksBuildPhase section */
		A52DBEAE1D634AF100E4D13A /* Frameworks */ = {
			isa = PBXFrameworksBuildPhase;
			buildActionMask = 2147483647;
			files = (
			);
			runOnlyForDeploymentPostprocessing = 0;
		};
		A52DBEC31D634AF100E4D13A /* Frameworks */ = {
			isa = PBXFrameworksBuildPhase;
			buildActionMask = 2147483647;
			files = (
			);
			runOnlyForDeploymentPostprocessing = 0;
		};
/* End PBXFrameworksBuildPhase section */

/* Begin PBXGroup section */
		A52DBEA81D634AF100E4D13A = {
			isa = PBXGroup;
			children = (
				A52DBEB31D634AF100E4D13A /* BullsEye */,
				A52DBEC91D634AF100E4D13A /* BullsEyeTests */,
				A52DBEB21D634AF100E4D13A /* Products */,
			);
			sourceTree = "<group>";
		};
		A52DBEB21D634AF100E4D13A /* Products */ = {
			isa = PBXGroup;
			children = (
				A52DBEB11D634AF100E4D13A /* BullsEye.app */,
				A52DBEC61D634AF100E4D13A /* BullsEyeTests.xctest */,
			);
			name = Products;
			sourceTree = "<group>";
		};
		A52DBEB31D634AF100E4D13A /* BullsEye */ = {
			isa = PBXGroup;
			children = (
				A5FC57EA1D66341300C1ACAD /* Default-568h@2x.png */,
				A5FC57EB1D66341300C1ACAD /* Default@2x.png */,
				A5FC57E81D65B46F00C1ACAD /* BullsEye.html */,
				A52DBEB61D634AF100E4D13A /* AppDelegate.swift */,
				A52DBEB81D634AF100E4D13A /* ViewController.swift */,
				A52DBEBA1D634AF100E4D13A /* Main.storyboard */,
				A5FC57E61D65959200C1ACAD /* AboutViewController.swift */,
				A52DBEBD1D634AF100E4D13A /* Images.xcassets */,
				A52DBEB41D634AF100E4D13A /* Supporting Files */,
			);
			path = BullsEye;
			sourceTree = "<group>";
		};
		A52DBEB41D634AF100E4D13A /* Supporting Files */ = {
			isa = PBXGroup;
			children = (
				A52DBEB51D634AF100E4D13A /* Info.plist */,
			);
			name = "Supporting Files";
			sourceTree = "<group>";
		};
		A52DBEC91D634AF100E4D13A /* BullsEyeTests */ = {
			isa = PBXGroup;
			children = (
				A52DBECC1D634AF100E4D13A /* BullsEyeTests.swift */,
				A52DBECA1D634AF100E4D13A /* Supporting Files */,
			);
			path = BullsEyeTests;
			sourceTree = "<group>";
		};
		A52DBECA1D634AF100E4D13A /* Supporting Files */ = {
			isa = PBXGroup;
			children = (
				A52DBECB1D634AF100E4D13A /* Info.plist */,
			);
			name = "Supporting Files";
			sourceTree = "<group>";
		};
/* End PBXGroup section */

/* Begin PBXNativeTarget section */
		A52DBEB01D634AF100E4D13A /* BullsEye */ = {
			isa = PBXNativeTarget;
			buildConfigurationList = A52DBED01D634AF100E4D13A /* Build configuration list for PBXNativeTarget "BullsEye" */;
			buildPhases = (
				A52DBEAD1D634AF100E4D13A /* Sources */,
				A52DBEAE1D634AF100E4D13A /* Frameworks */,
				A52DBEAF1D634AF100E4D13A /* Resources */,
			);
			buildRules = (
			);
			dependencies = (
			);
			name = BullsEye;
			productName = BullsEye;
			productReference = A52DBEB11D634AF100E4D13A /* BullsEye.app */;
			productType = "com.apple.product-type.application";
		};
		A52DBEC51D634AF100E4D13A /* BullsEyeTests */ = {
			isa = PBXNativeTarget;
			buildConfigurationList = A52DBED31D634AF100E4D13A /* Build configuration list for PBXNativeTarget "BullsEyeTests" */;
			buildPhases = (
				A52DBEC21D634AF100E4D13A /* Sources */,
				A52DBEC31D634AF100E4D13A /* Frameworks */,
				A52DBEC41D634AF100E4D13A /* Resources */,
			);
			buildRules = (
			);
			dependencies = (
				A52DBEC81D634AF100E4D13A /* PBXTargetDependency */,
			);
			name = BullsEyeTests;
			productName = BullsEyeTests;
			productReference = A52DBEC61D634AF100E4D13A /* BullsEyeTests.xctest */;
			productType = "com.apple.product-type.bundle.unit-test";
		};
/* End PBXNativeTarget section */

/* Begin PBXProject section */
		A52DBEA91D634AF100E4D13A /* Project object */ = {
			isa = PBXProject;
			attributes = {
				LastSwiftUpdateCheck = 0730;
				LastUpgradeCheck = 0610;
				ORGANIZATIONNAME = wang;
				TargetAttributes = {
					A52DBEB01D634AF100E4D13A = {
						CreatedOnToolsVersion = 6.1.1;
						DevelopmentTeam = XQT72UF9TG;
					};
					A52DBEC51D634AF100E4D13A = {
						CreatedOnToolsVersion = 6.1.1;
						TestTargetID = A52DBEB01D634AF100E4D13A;
					};
				};
			};
			buildConfigurationList = A52DBEAC1D634AF100E4D13A /* Build configuration list for PBXProject "BullsEye" */;
			compatibilityVersion = "Xcode 3.2";
			developmentRegion = English;
			hasScannedForEncodings = 0;
			knownRegions = (
				en,
				Base,
			);
			mainGroup = A52DBEA81D634AF100E4D13A;
			productRefGroup = A52DBEB21D634AF100E4D13A /* Products */;
			projectDirPath = "";
			projectRoot = "";
			targets = (
				A52DBEB01D634AF100E4D13A /* BullsEye */,
				A52DBEC51D634AF100E4D13A /* BullsEyeTests */,
			);
		};
/* End PBXProject section */

/* Begin PBXResourcesBuildPhase section */
		A52DBEAF1D634AF100E4D13A /* Resources */ = {
			isa = PBXResourcesBuildPhase;
			buildActionMask = 2147483647;
			files = (
				A52DBEBC1D634AF100E4D13A /* Main.storyboard in Resources */,
				A5FC57EC1D66341300C1ACAD /* Default-568h@2x.png in Resources */,
				A5FC57ED1D66341300C1ACAD /* Default@2x.png in Resources */,
				A5FC57E91D65B46F00C1ACAD /* BullsEye.html in Resources */,
				A52DBEBE1D634AF100E4D13A /* Images.xcassets in Resources */,
			);
			runOnlyForDeploymentPostprocessing = 0;
		};
		A52DBEC41D634AF100E4D13A /* Resources */ = {
			isa = PBXResourcesBuildPhase;
			buildActionMask = 2147483647;
			files = (
			);
			runOnlyForDeploymentPostprocessing = 0;
		};
/* End PBXResourcesBuildPhase section */

/* Begin PBXSourcesBuildPhase section */
		A52DBEAD1D634AF100E4D13A /* Sources */ = {
			isa = PBXSourcesBuildPhase;
			buildActionMask = 2147483647;
			files = (
				A5FC57E71D65959200C1ACAD /* AboutViewController.swift in Sources */,
				A52DBEB91D634AF100E4D13A /* ViewController.swift in Sources */,
				A52DBEB71D634AF100E4D13A /* AppDelegate.swift in Sources */,
			);
			runOnlyForDeploymentPostprocessing = 0;
		};
		A52DBEC21D634AF100E4D13A /* Sources */ = {
			isa = PBXSourcesBuildPhase;
			buildActionMask = 2147483647;
			files = (
				A52DBECD1D634AF100E4D13A /* BullsEyeTests.swift in Sources */,
			);
			runOnlyForDeploymentPostprocessing = 0;
		};
/* End PBXSourcesBuildPhase section */

/* Begin PBXTargetDependency section */
		A52DBEC81D634AF100E4D13A /* PBXTargetDependency */ = {
			isa = PBXTargetDependency;
			target = A52DBEB01D634AF100E4D13A /* BullsEye */;
			targetProxy = A52DBEC71D634AF100E4D13A /* PBXContainerItemProxy */;
		};
/* End PBXTargetDependency section */

/* Begin PBXVariantGroup section */
		A52DBEBA1D634AF100E4D13A /* Main.storyboard */ = {
			isa = PBXVariantGroup;
			children = (
				A52DBEBB1D634AF100E4D13A /* Base */,
			);
			name = Main.storyboard;
			sourceTree = "<group>";
		};
/* End PBXVariantGroup section */

/* Begin XCBuildConfiguration section */
		A52DBECE1D634AF100E4D13A /* Debug */ = {
			isa = XCBuildConfiguration;
			buildSettings = {
				ALWAYS_SEARCH_USER_PATHS = NO;
				CLANG_CXX_LANGUAGE_STANDARD = "gnu++0x";
				CLANG_CXX_LIBRARY = "libc++";
				CLANG_ENABLE_MODULES = YES;
				CLANG_ENABLE_OBJC_ARC = YES;
				CLANG_WARN_BOOL_CONVERSION = YES;
				CLANG_WARN_CONSTANT_CONVERSION = YES;
				CLANG_WARN_DIRECT_OBJC_ISA_USAGE = YES_ERROR;
				CLANG_WARN_EMPTY_BODY = YES;
				CLANG_WARN_ENUM_CONVERSION = YES;
				CLANG_WARN_INT_CONVERSION = YES;
				CLANG_WARN_OBJC_ROOT_CLASS = YES_ERROR;
				CLANG_WARN_UNREACHABLE_CODE = YES;
				CLANG_WARN__DUPLICATE_METHOD_MATCH = YES;
				"CODE_SIGN_IDENTITY[sdk=iphoneos*]" = "iPhone Developer";
				COPY_PHASE_STRIP = NO;
				ENABLE_STRICT_OBJC_MSGSEND = YES;
				GCC_C_LANGUAGE_STANDARD = gnu99;
				GCC_DYNAMIC_NO_PIC = NO;
				GCC_OPTIMIZATION_LEVEL = 0;
				GCC_PREPROCESSOR_DEFINITIONS = (
					"DEBUG=1",
					"$(inherited)",
				);
				GCC_SYMBOLS_PRIVATE_EXTERN = NO;
				GCC_WARN_64_TO_32_BIT_CONVERSION = YES;
				GCC_WARN_ABOUT_RETURN_TYPE = YES_ERROR;
				GCC_WARN_UNDECLARED_SELECTOR = YES;
				GCC_WARN_UNINITIALIZED_AUTOS = YES_AGGRESSIVE;
				GCC_WARN_UNUSED_FUNCTION = YES;
				GCC_WARN_UNUSED_VARIABLE = YES;
				IPHONEOS_DEPLOYMENT_TARGET = 8.1;
				MTL_ENABLE_DEBUG_INFO = YES;
				ONLY_ACTIVE_ARCH = YES;
				SDKROOT = iphoneos;
				SWIFT_OPTIMIZATION_LEVEL = "-Onone";
			};
			name = Debug;
		};
		A52DBECF1D634AF100E4D13A /* Release */ = {
			isa = XCBuildConfiguration;
			buildSettings = {
				ALWAYS_SEARCH_USER_PATHS = NO;
				CLANG_CXX_LANGUAGE_STANDARD = "gnu++0x";
				CLANG_CXX_LIBRARY = "libc++";
				CLANG_ENABLE_MODULES = YES;
				CLANG_ENABLE_OBJC_ARC = YES;
				CLANG_WARN_BOOL_CONVERSION = YES;
				CLANG_WARN_CONSTANT_CONVERSION = YES;
				CLANG_WARN_DIRECT_OBJC_ISA_USAGE = YES_ERROR;
				CLANG_WARN_EMPTY_BODY = YES;
				CLANG_WARN_ENUM_CONVERSION = YES;
				CLANG_WARN_INT_CONVERSION = YES;
				CLANG_WARN_OBJC_ROOT_CLASS = YES_ERROR;
				CLANG_WARN_UNREACHABLE_CODE = YES;
				CLANG_WARN__DUPLICATE_METHOD_MATCH = YES;
				"CODE_SIGN_IDENTITY[sdk=iphoneos*]" = "iPhone Developer";
				COPY_PHASE_STRIP = YES;
				ENABLE_NS_ASSERTIONS = NO;
				ENABLE_STRICT_OBJC_MSGSEND = YES;
				GCC_C_LANGUAGE_STANDARD = gnu99;
				GCC_WARN_64_TO_32_BIT_CONVERSION = YES;
				GCC_WARN_ABOUT_RETURN_TYPE = YES_ERROR;
				GCC_WARN_UNDECLARED_SELECTOR = YES;
				GCC_WARN_UNINITIALIZED_AUTOS = YES_AGGRESSIVE;
				GCC_WARN_UNUSED_FUNCTION = YES;
				GCC_WARN_UNUSED_VARIABLE = YES;
				IPHONEOS_DEPLOYMENT_TARGET = 8.1;
				MTL_ENABLE_DEBUG_INFO = NO;
				SDKROOT = iphoneos;
				VALIDATE_PRODUCT = YES;
			};
			name = Release;
		};
		A52DBED11D634AF100E4D13A /* Debug */ = {
			isa = XCBuildConfiguration;
			buildSettings = {
				ASSETCATALOG_COMPILER_APPICON_NAME = AppIcon;
				CODE_SIGN_IDENTITY = "iPhone Developer";
				INFOPLIST_FILE = BullsEye/Info.plist;
				LD_RUNPATH_SEARCH_PATHS = "$(inherited) @executable_path/Frameworks";
				PRODUCT_NAME = "$(TARGET_NAME)";
			};
			name = Debug;
		};
		A52DBED21D634AF100E4D13A /* Release */ = {
			isa = XCBuildConfiguration;
			buildSettings = {
				ASSETCATALOG_COMPILER_APPICON_NAME = AppIcon;
				CODE_SIGN_IDENTITY = "iPhone Developer";
				INFOPLIST_FILE = BullsEye/Info.plist;
				LD_RUNPATH_SEARCH_PATHS = "$(inherited) @executable_path/Frameworks";
				PRODUCT_NAME = "$(TARGET_NAME)";
			};
			name = Release;
		};
		A52DBED41D634AF100E4D13A /* Debug */ = {
			isa = XCBuildConfiguration;
			buildSettings = {
				BUNDLE_LOADER = "$(TEST_HOST)";
				FRAMEWORK_SEARCH_PATHS = (
					"$(SDKROOT)/Developer/Library/Frameworks",
					"$(inherited)",
				);
				GCC_PREPROCESSOR_DEFINITIONS = (
					"DEBUG=1",
					"$(inherited)",
				);
				INFOPLIST_FILE = BullsEyeTests/Info.plist;
				LD_RUNPATH_SEARCH_PATHS = "$(inherited) @executable_path/Frameworks @loader_path/Frameworks";
				PRODUCT_NAME = "$(TARGET_NAME)";
				TEST_HOST = "$(BUILT_PRODUCTS_DIR)/BullsEye.app/BullsEye";
			};
			name = Debug;
		};
		A52DBED51D634AF100E4D13A /* Release */ = {
			isa = XCBuildConfiguration;
			buildSettings = {
				BUNDLE_LOADER = "$(TEST_HOST)";
				FRAMEWORK_SEARCH_PATHS = (
					"$(SDKROOT)/Developer/Library/Frameworks",
					"$(inherited)",
				);
				INFOPLIST_FILE = BullsEyeTests/Info.plist;
				LD_RUNPATH_SEARCH_PATHS = "$(inherited) @executable_path/Frameworks @loader_path/Frameworks";
				PRODUCT_NAME = "$(TARGET_NAME)";
				TEST_HOST = "$(BUILT_PRODUCTS_DIR)/BullsEye.app/BullsEye";
			};
			name = Release;
		};
/* End XCBuildConfiguration section */

/* Begin XCConfigurationList section */
		A52DBEAC1D634AF100E4D13A /* Build configuration list for PBXProject "BullsEye" */ = {
			isa = XCConfigurationList;
			buildConfigurations = (
				A52DBECE1D634AF100E4D13A /* Debug */,
				A52DBECF1D634AF100E4D13A /* Release */,
			);
			defaultConfigurationIsVisible = 0;
			defaultConfigurationName = Release;
		};
		A52DBED01D634AF100E4D13A /* Build configuration list for PBXNativeTarget "BullsEye" */ = {
			isa = XCConfigurationList;
			buildConfigurations = (
				A52DBED11D634AF100E4D13A /* Debug */,
				A52DBED21D634AF100E4D13A /* Release */,
			);
			defaultConfigurationIsVisible = 0;
			defaultConfigurationName = Release;
		};
		A52DBED31D634AF100E4D13A /* Build configuration list for PBXNativeTarget "BullsEyeTests" */ = {
			isa = XCConfigurationList;
			buildConfigurations = (
				A52DBED41D634AF100E4D13A /* Debug */,
				A52DBED51D634AF100E4D13A /* Release */,
			);
			defaultConfigurationIsVisible = 0;
			defaultConfigurationName = Release;
		};
/* End XCConfigurationList section */
	};
	rootObject = A52DBEA91D634AF100E4D13A /* Project object */;
}
